
Microsoft Visual Studio Solution File, Format Version 12.00
# Visual Studio 15
VisualStudioVersion = 15.0.28010.2048
MinimumVisualStudioVersion = 10.0.40219.1
Project("{FAE04EC0-301F-11D3-BF4B-00C04F79EFBC}") = "SOAPServices", "SOAPServices\SOAPServices.csproj", "{82A604C6-1889-4503-8B1E-D2AEDECD84BE}"
EndProject
Project("{2150E333-8FDC-42A3-9474-1A3956D46DE8}") = "Librerias", "Librerias", "{C893EFF2-55D2-4B3D-BA20-A7ABD57CB21D}"
	ProjectSection(SolutionItems) = preProject
		Librerias\Iesi.Collections.dll = Librerias\Iesi.Collections.dll
		Librerias\NHibernate.dll = Librerias\NHibernate.dll
	EndProjectSection
EndProject
Project("{FAE04EC0-301F-11D3-BF4B-00C04F79EFBC}") = "WCFServiceCreditoTest", "WCFServiceCreditoTest\WCFServiceCreditoTest.csproj", "{7ABCCA56-49D6-4232-B18C-EB89F4BD2DFF}"
	ProjectSection(ProjectDependencies) = postProject
		{82A604C6-1889-4503-8B1E-D2AEDECD84BE} = {82A604C6-1889-4503-8B1E-D2AEDECD84BE}
	EndProjectSection
EndProject
Global
	GlobalSection(SolutionConfigurationPlatforms) = preSolution
		Debug|Any CPU = Debug|Any CPU
		Release|Any CPU = Release|Any CPU
	EndGlobalSection
	GlobalSection(ProjectConfigurationPlatforms) = postSolution
		{82A604C6-1889-4503-8B1E-D2AEDECD84BE}.Debug|Any CPU.ActiveCfg = Debug|Any CPU
		{82A604C6-1889-4503-8B1E-D2AEDECD84BE}.Debug|Any CPU.Build.0 = Debug|Any CPU
		{82A604C6-1889-4503-8B1E-D2AEDECD84BE}.Release|Any CPU.ActiveCfg = Release|Any CPU
		{82A604C6-1889-4503-8B1E-D2AEDECD84BE}.Release|Any CPU.Build.0 = Release|Any CPU
		{7ABCCA56-49D6-4232-B18C-EB89F4BD2DFF}.Debug|Any CPU.ActiveCfg = Debug|Any CPU
		{7ABCCA56-49D6-4232-B18C-EB89F4BD2DFF}.Debug|Any CPU.Build.0 = Debug|Any CPU
		{7ABCCA56-49D6-4232-B18C-EB89F4BD2DFF}.Release|Any CPU.ActiveCfg = Release|Any CPU
		{7ABCCA56-49D6-4232-B18C-EB89F4BD2DFF}.Release|Any CPU.Build.0 = Release|Any CPU
	EndGlobalSection
	GlobalSection(SolutionProperties) = preSolution
		HideSolutionNode = FALSE
	EndGlobalSection
	GlobalSection(ExtensibilityGlobals) = postSolution
		SolutionGuid = {74C9C3B3-7517-4885-A7E2-9F3EB98676EE}
	EndGlobalSection
EndGlobal
